
Microsoft Visual Studio Solution File, Format Version 12.00
# Visual Studio Version 17
VisualStudioVersion = 17.5.33502.453
MinimumVisualStudioVersion = 10.0.40219.1
Project("{FAE04EC0-301F-11D3-BF4B-00C04F79EFBC}") = "adminoperation", "adminoperation.csproj", "{A2AF53DD-47DC-4225-AE49-33CD79D7714F}"
EndProject
Global
	GlobalSection(SolutionConfigurationPlatforms) = preSolution
		Debug|Any CPU = Debug|Any CPU
		Release|Any CPU = Release|Any CPU
	EndGlobalSection
	GlobalSection(ProjectConfigurationPlatforms) = postSolution
		{A2AF53DD-47DC-4225-AE49-33CD79D7714F}.Debug|Any CPU.ActiveCfg = Debug|Any CPU
		{A2AF53DD-47DC-4225-AE49-33CD79D7714F}.Debug|Any CPU.Build.0 = Debug|Any CPU
		{A2AF53DD-47DC-4225-AE49-33CD79D7714F}.Release|Any CPU.ActiveCfg = Release|Any CPU
		{A2AF53DD-47DC-4225-AE49-33CD79D7714F}.Release|Any CPU.Build.0 = Release|Any CPU
	EndGlobalSection
	GlobalSection(SolutionProperties) = preSolution
		HideSolutionNode = FALSE
	EndGlobalSection
	GlobalSection(ExtensibilityGlobals) = postSolution
		SolutionGuid = {A2360852-1025-4385-AFDE-F514E353D7EA}
	EndGlobalSection
EndGlobal
